<?xml version="1.0" encoding="utf-8"?>
<Project ToolsVersion="4.0" xmlns="http://schemas.microsoft.com/developer/msbuild/2003">
  <ItemGroup>
    <Filter Include="Resource Files">
      <UniqueIdentifier>{67DA6AB6-F800-4c08-8B7A-83BB121AAD01}</UniqueIdentifier>
      <Extensions>rc;ico;cur;bmp;dlg;rc2;rct;bin;rgs;gif;jpg;jpeg;jpe;resx;tiff;tif;png;wav;mfcribbon-ms</Extensions>
    </Filter>
    <Filter Include="Internal">
      <UniqueIdentifier>{d62ad12d-69d8-4933-8342-03043c9adc22}</UniqueIdentifier>
    </Filter>
    <Filter Include="Valla_CreatureOverhaul">
      <UniqueIdentifier>{3880d018-2395-4502-abfe-4b83e0817aab}</UniqueIdentifier>
    </Filter>
    <Filter Include="Valla_CreatureOverhaul\Cheats">
      <UniqueIdentifier>{86f3ec91-0e86-4bec-bea2-1c4573a64d8f}</UniqueIdentifier>
    </Filter>
  </ItemGroup>
  <ItemGroup>
    <ClInclude Include="targetver.h">
      <Filter>Internal</Filter>
    </ClInclude>
    <ClInclude Include="stdafx.h">
      <Filter>Internal</Filter>
    </ClInclude>
    <ClInclude Include="CapabilityChecker.h">
      <Filter>Valla_CreatureOverhaul</Filter>
    </ClInclude>
    <ClInclude Include="CRG_EnergyHungerSync.h">
      <Filter>Valla_CreatureOverhaul</Filter>
    </ClInclude>
    <ClInclude Include="CRG_WaterBehavior.h">
      <Filter>Valla_CreatureOverhaul</Filter>
    </ClInclude>
    <ClInclude Include="LOAD_LoadingSpeed.h">
      <Filter>Valla_CreatureOverhaul</Filter>
    </ClInclude>
    <ClInclude Include="Cheats\BuildCRG.h">
      <Filter>Valla_CreatureOverhaul\Cheats</Filter>
    </ClInclude>
    <ClInclude Include="Cheats\CRG_BrainBoost.h">
      <Filter>Valla_CreatureOverhaul\Cheats</Filter>
    </ClInclude>
    <ClInclude Include="Cheats\CRG_BrainDrain.h">
      <Filter>Valla_CreatureOverhaul\Cheats</Filter>
    </ClInclude>
    <ClInclude Include="Cheats\CRG_PosessTarget.h">
      <Filter>Valla_CreatureOverhaul\Cheats</Filter>
    </ClInclude>
    <ClInclude Include="Cheats\CRG_Recharge.h">
      <Filter>Valla_CreatureOverhaul\Cheats</Filter>
    </ClInclude>
    <ClInclude Include="Cheats\CRG_ResurrectTarget.h">
      <Filter>Valla_CreatureOverhaul\Cheats</Filter>
    </ClInclude>
    <ClInclude Include="Cheats\CRG_SpawnPlant.h">
      <Filter>Valla_CreatureOverhaul\Cheats</Filter>
    </ClInclude>
    <ClInclude Include="Cheats\CRG_SwapCreature.h">
      <Filter>Valla_CreatureOverhaul\Cheats</Filter>
    </ClInclude>
    <ClInclude Include="Cheats\Kill.h">
      <Filter>Valla_CreatureOverhaul\Cheats</Filter>
    </ClInclude>
    <ClInclude Include="Cheats\CRG_Starve.h">
      <Filter>Valla_CreatureOverhaul\Cheats</Filter>
    </ClInclude>
    <ClInclude Include="Cheats\CRG_GrowUp.h">
      <Filter>Valla_CreatureOverhaul\Cheats</Filter>
    </ClInclude>
    <ClInclude Include="CRG_ObjectManager.h">
      <Filter>Valla_CreatureOverhaul</Filter>
    </ClInclude>
    <ClInclude Include="Cheats\PrintCursor.h">
      <Filter>Valla_CreatureOverhaul\Cheats</Filter>
    </ClInclude>
    <ClInclude Include="Cheats\TRG_AddFood.h">
      <Filter>Valla_CreatureOverhaul\Cheats</Filter>
    </ClInclude>
    <ClInclude Include="Cheats\SetCursorCheat.h">
      <Filter>Valla_CreatureOverhaul\Cheats</Filter>
    </ClInclude>
    <ClInclude Include="Cheats\TRG_GetTribeInfo.h">
      <Filter>Valla_CreatureOverhaul\Cheats</Filter>
    </ClInclude>
    <ClInclude Include="SetChieftainColor.h">
      <Filter>Valla_CreatureOverhaul\Cheats</Filter>
    </ClInclude>
    <ClInclude Include="Cheats\SetChieftainColor.h">
      <Filter>Valla_CreatureOverhaul\Cheats</Filter>
    </ClInclude>
    <ClInclude Include="Cheats\SetGlideSpeed.h">
      <Filter>Valla_CreatureOverhaul\Cheats</Filter>
    </ClInclude>
    <ClInclude Include="TRG_ChieftainManager.h">
      <Filter>Valla_CreatureOverhaul</Filter>
    </ClInclude>
    <ClInclude Include="CRG_DiseaseManager.h">
      <Filter>Valla_CreatureOverhaul</Filter>
    </ClInclude>
    <ClInclude Include="Cheats\CRG_GetSick.h">
      <Filter>Valla_CreatureOverhaul\Cheats</Filter>
    </ClInclude>
    <ClInclude Include="Cheats\CRG_GetPart.h">
      <Filter>Valla_CreatureOverhaul\Cheats</Filter>
    </ClInclude>
  </ItemGroup>
  <ItemGroup>
    <ClCompile Include="stdafx.cpp">
      <Filter>Internal</Filter>
    </ClCompile>
    <ClCompile Include="CapabilityChecker.cpp">
      <Filter>Valla_CreatureOverhaul</Filter>
    </ClCompile>
    <ClCompile Include="CRG_EnergyHungerSync.cpp">
      <Filter>Valla_CreatureOverhaul</Filter>
    </ClCompile>
    <ClCompile Include="CRG_WaterBehavior.cpp">
      <Filter>Valla_CreatureOverhaul</Filter>
    </ClCompile>
    <ClCompile Include="dllmain.cpp">
      <Filter>Valla_CreatureOverhaul</Filter>
    </ClCompile>
    <ClCompile Include="LOAD_LoadingSpeed.cpp">
      <Filter>Valla_CreatureOverhaul</Filter>
    </ClCompile>
    <ClCompile Include="Cheats\BuildCRG.cpp">
      <Filter>Valla_CreatureOverhaul\Cheats</Filter>
    </ClCompile>
    <ClCompile Include="Cheats\CRG_BrainBoost.cpp">
      <Filter>Valla_CreatureOverhaul\Cheats</Filter>
    </ClCompile>
    <ClCompile Include="Cheats\CRG_BrainDrain.cpp">
      <Filter>Valla_CreatureOverhaul\Cheats</Filter>
    </ClCompile>
    <ClCompile Include="Cheats\CRG_PosessTarget.cpp">
      <Filter>Valla_CreatureOverhaul\Cheats</Filter>
    </ClCompile>
    <ClCompile Include="Cheats\CRG_Recharge.cpp">
      <Filter>Valla_CreatureOverhaul\Cheats</Filter>
    </ClCompile>
    <ClCompile Include="Cheats\CRG_ResurrectTarget.cpp">
      <Filter>Valla_CreatureOverhaul\Cheats</Filter>
    </ClCompile>
    <ClCompile Include="Cheats\CRG_SpawnPlant.cpp">
      <Filter>Valla_CreatureOverhaul\Cheats</Filter>
    </ClCompile>
    <ClCompile Include="Cheats\CRG_SwapCreature.cpp">
      <Filter>Valla_CreatureOverhaul\Cheats</Filter>
    </ClCompile>
    <ClCompile Include="Cheats\Kill.cpp">
      <Filter>Valla_CreatureOverhaul\Cheats</Filter>
    </ClCompile>
    <ClCompile Include="Cheats\CRG_Starve.cpp">
      <Filter>Valla_CreatureOverhaul\Cheats</Filter>
    </ClCompile>
    <ClCompile Include="Cheats\CRG_GrowUp.cpp">
      <Filter>Valla_CreatureOverhaul\Cheats</Filter>
    </ClCompile>
    <ClCompile Include="CRG_ObjectManager.cpp">
      <Filter>Valla_CreatureOverhaul</Filter>
    </ClCompile>
    <ClCompile Include="Cheats\PrintCursor.cpp">
      <Filter>Valla_CreatureOverhaul\Cheats</Filter>
    </ClCompile>
    <ClCompile Include="Cheats\TRG_AddFood.cpp">
      <Filter>Valla_CreatureOverhaul\Cheats</Filter>
    </ClCompile>
    <ClCompile Include="Cheats\TRG_GetTribeInfo.cpp">
      <Filter>Valla_CreatureOverhaul\Cheats</Filter>
    </ClCompile>
    <ClCompile Include="Cheats\SetChieftainColor.cpp">
      <Filter>Valla_CreatureOverhaul\Cheats</Filter>
    </ClCompile>
    <ClCompile Include="Cheats\SetGlideSpeed.cpp">
      <Filter>Valla_CreatureOverhaul\Cheats</Filter>
    </ClCompile>
    <ClCompile Include="TRG_ChieftainManager.cpp">
      <Filter>Valla_CreatureOverhaul</Filter>
    </ClCompile>
    <ClCompile Include="CRG_DiseaseManager.cpp">
      <Filter>Valla_CreatureOverhaul</Filter>
    </ClCompile>
    <ClCompile Include="Cheats\CRG_GetSick.cpp">
      <Filter>Valla_CreatureOverhaul\Cheats</Filter>
    </ClCompile>
    <ClCompile Include="Cheats\CRG_GetPart.cpp">
      <Filter>Valla_CreatureOverhaul\Cheats</Filter>
    </ClCompile>
  </ItemGroup>
  <ItemGroup>
    <None Include="SdkPathConfig.props" />
  </ItemGroup>
  <ItemGroup>
    <Text Include="ReadMe.txt">
      <Filter>Internal</Filter>
    </Text>
  </ItemGroup>
</Project>